
Microsoft Visual Studio Solution File, Format Version 12.00
# Visual Studio 15
Project("{FAE04EC0-301F-11D3-BF4B-00C04F79EFBC}") = "ScriptingServiceAPI", "ScriptingServiceAPI\ScriptingServiceAPI.csproj", "{114B1529-F255-40A2-A8C2-B76936F6CA3F}"
EndProject
Project("{FAE04EC0-301F-11D3-BF4B-00C04F79EFBC}") = "ScriptingService", "ScriptingService\ScriptingService.csproj", "{C676810A-8CCC-4B61-8C47-12C302C4A972}"
EndProject
Global
	GlobalSection(SolutionConfigurationPlatforms) = preSolution
		Debug|Any CPU = Debug|Any CPU
		Release|Any CPU = Release|Any CPU
	EndGlobalSection
	GlobalSection(ProjectConfigurationPlatforms) = postSolution
		{114B1529-F255-40A2-A8C2-B76936F6CA3F}.Debug|Any CPU.ActiveCfg = Debug|Any CPU
		{114B1529-F255-40A2-A8C2-B76936F6CA3F}.Debug|Any CPU.Build.0 = Debug|Any CPU
		{114B1529-F255-40A2-A8C2-B76936F6CA3F}.Release|Any CPU.ActiveCfg = Release|Any CPU
		{114B1529-F255-40A2-A8C2-B76936F6CA3F}.Release|Any CPU.Build.0 = Release|Any CPU
		{C676810A-8CCC-4B61-8C47-12C302C4A972}.Debug|Any CPU.ActiveCfg = Debug|Any CPU
		{C676810A-8CCC-4B61-8C47-12C302C4A972}.Debug|Any CPU.Build.0 = Debug|Any CPU
		{C676810A-8CCC-4B61-8C47-12C302C4A972}.Release|Any CPU.ActiveCfg = Release|Any CPU
		{C676810A-8CCC-4B61-8C47-12C302C4A972}.Release|Any CPU.Build.0 = Release|Any CPU
	EndGlobalSection
EndGlobal
